---
"FrameClock": 
  "checks": 
    "enough-tests": 0
    "handcorrected-docs": 0
    "modules-generated": 0
    "nbr-tests": 0
    "no-implement": 0
    "note": ""
  "class-name": "Gnome::Gdk4::FrameClock"
  "gir-type": "class"
  "gnome-name": "GdkFrameClock"
  "inheritable": false
  "parent": "GObject.Object"
  "parent-gnome-name": "GObject"
  "parent-raku-name": "Gnome::GObject::Object"
  "roles":  []
  "routines": 
    "methods": 
      "begin-updating": 
        "generated": 0
        "parameters": 
          - 
            "c-type": "GdkFrameClock*"
            "name": "frame-clock"
            "raku-type": "N-Object"
        "return-c-type": "void"
        "return-raku-type": "void"
      "end-updating": 
        "generated": 0
        "parameters": 
          - 
            "c-type": "GdkFrameClock*"
            "name": "frame-clock"
            "raku-type": "N-Object"
        "return-c-type": "void"
        "return-raku-type": "void"
      "get-current-timings": 
        "generated": 0
        "parameters": 
          - 
            "c-type": "GdkFrameClock*"
            "name": "frame-clock"
            "raku-type": "N-Object"
        "return-c-type": "GdkFrameTimings*"
        "return-raku-type": "N-Object"
      "get-fps": 
        "generated": 0
        "parameters": 
          - 
            "c-type": "GdkFrameClock*"
            "name": "frame-clock"
            "raku-type": "N-Object"
        "return-c-type": "double"
        "return-raku-type": "gdouble"
      "get-frame-counter": 
        "generated": 0
        "parameters": 
          - 
            "c-type": "GdkFrameClock*"
            "name": "frame-clock"
            "raku-type": "N-Object"
        "return-c-type": "gint64"
        "return-raku-type": "gint64"
      "get-frame-time": 
        "generated": 0
        "parameters": 
          - 
            "c-type": "GdkFrameClock*"
            "name": "frame-clock"
            "raku-type": "N-Object"
        "return-c-type": "gint64"
        "return-raku-type": "gint64"
      "get-history-start": 
        "generated": 0
        "parameters": 
          - 
            "c-type": "GdkFrameClock*"
            "name": "frame-clock"
            "raku-type": "N-Object"
        "return-c-type": "gint64"
        "return-raku-type": "gint64"
      "get-refresh-info": 
        "generated": 0
        "missing-type": true
        "parameters": 
          - 
            "c-type": "GdkFrameClock*"
            "name": "frame-clock"
            "raku-type": "N-Object"
          - 
            "c-type": "gint64"
            "name": "base-time"
            "raku-type": "gint64"
          - 
            "c-type": "gint64*"
            "name": "refresh-interval-return"
            "raku-type": ""
          - 
            "c-type": "gint64*"
            "name": "presentation-time-return"
            "raku-type": ""
        "return-c-type": "void"
        "return-raku-type": "void"
      "get-timings": 
        "generated": 0
        "parameters": 
          - 
            "c-type": "GdkFrameClock*"
            "name": "frame-clock"
            "raku-type": "N-Object"
          - 
            "c-type": "gint64"
            "name": "frame-counter"
            "raku-type": "gint64"
        "return-c-type": "GdkFrameTimings*"
        "return-raku-type": "N-Object"
      "request-phase": 
        "generated": 0
        "missing-type": true
        "parameters": 
          - 
            "c-type": "GdkFrameClock*"
            "name": "frame-clock"
            "raku-type": "N-Object"
          - 
            "c-type": "GdkFrameClockPhase"
            "name": "phase"
            "raku-type": "GFlag:GdkFrameClockPhase "
        "return-c-type": "void"
        "return-raku-type": "void"
  "source-filename": "frameclock"
  "symbol-prefix": "gdk_frame_clock_"
  "type-letter": ""
  "type-name": "FrameClock"
"namespace-name": "Gdk"
"symbol-prefix": "gdk"
"version": "4.0"
...